
Microsoft Visual Studio Solution File, Format Version 12.00
# Visual Studio Version 16
VisualStudioVersion = 16.0.30413.136
MinimumVisualStudioVersion = 10.0.40219.1
Project("{8BC9CEB8-8B4A-11D0-8D11-00A0C91BC942}") = "OODesignExamples", "OODesignExamples\OODesignExamples.vcxproj", "{6E6D8C0E-518B-4F77-943C-DE5542CE754F}"
EndProject
Global
	GlobalSection(SolutionConfigurationPlatforms) = preSolution
		Debug|x64 = Debug|x64
		Debug|x86 = Debug|x86
		Release|x64 = Release|x64
		Release|x86 = Release|x86
	EndGlobalSection
	GlobalSection(ProjectConfigurationPlatforms) = postSolution
		{6E6D8C0E-518B-4F77-943C-DE5542CE754F}.Debug|x64.ActiveCfg = Debug|x64
		{6E6D8C0E-518B-4F77-943C-DE5542CE754F}.Debug|x64.Build.0 = Debug|x64
		{6E6D8C0E-518B-4F77-943C-DE5542CE754F}.Debug|x86.ActiveCfg = Debug|Win32
		{6E6D8C0E-518B-4F77-943C-DE5542CE754F}.Debug|x86.Build.0 = Debug|Win32
		{6E6D8C0E-518B-4F77-943C-DE5542CE754F}.Release|x64.ActiveCfg = Release|x64
		{6E6D8C0E-518B-4F77-943C-DE5542CE754F}.Release|x64.Build.0 = Release|x64
		{6E6D8C0E-518B-4F77-943C-DE5542CE754F}.Release|x86.ActiveCfg = Release|Win32
		{6E6D8C0E-518B-4F77-943C-DE5542CE754F}.Release|x86.Build.0 = Release|Win32
	EndGlobalSection
	GlobalSection(SolutionProperties) = preSolution
		HideSolutionNode = FALSE
	EndGlobalSection
	GlobalSection(ExtensibilityGlobals) = postSolution
		SolutionGuid = {8DFEF304-C770-4DBE-9080-2F294643D910}
	EndGlobalSection
EndGlobal
